<?xml version="1.0" encoding="UTF-8"?>
<Scheme
   LastUpgradeVersion = "2610"
   version = "2.0">
   <BuildAction
      parallelizeBuildables = "YES"
      buildImplicitDependencies = "YES"
      buildArchitectures = "Automatic">
      <BuildActionEntries>
         <BuildActionEntry
            buildForTesting = "YES"
            buildForRunning = "YES"
            buildForProfiling = "YES"
            buildForArchiving = "YES"
            buildForAnalyzing = "YES">
            <BuildableReference
               BuildableIdentifier = "primary"
               BlueprintIdentifier = "09E94ACB2855D1CE00D7A8D7"
               BuildableName = "Tiempo San Justo de la Vega.app"
               BlueprintName = "wsanjustowatchos WatchKit App"
               ReferencedContainer = "container:wsanjusto-ios.xcodeproj">
            </BuildableReference>
         </BuildActionEntry>
         <BuildActionEntry
            buildForTesting = "YES"
            buildForRunning = "YES"
            buildForProfiling = "YES"
            buildForArchiving = "YES"
            buildForAnalyzing = "YES">
            <BuildableReference
               BuildableIdentifier = "primary"
               BlueprintIdentifier = "09405CD4269E263800211DC6"
               BuildableName = "wsanjusto-ios.app"
               BlueprintName = "wsanjusto-ios"
               ReferencedContainer = "container:wsanjusto-ios.xcodeproj">
            </BuildableReference>
         </BuildActionEntry>
      </BuildActionEntries>
   </BuildAction>
   <TestAction
      buildConfiguration = "Debug"
      selectedDebuggerIdentifier = "Xcode.DebuggerFoundation.Debugger.LLDB"
      selectedLauncherIdentifier = "Xcode.DebuggerFoundation.Launcher.LLDB"
      shouldUseLaunchSchemeArgsEnv = "YES"
      shouldAutocreateTestPlan = "YES">
      <Testables>
         <TestableReference
            skipped = "NO"
            parallelizable = "YES">
            <BuildableReference
               BuildableIdentifier = "primary"
               BlueprintIdentifier = "09DA9AD62F47C5F200ECD465"
               BuildableName = "wsanjusto-iosTests.xctest"
               BlueprintName = "wsanjusto-iosTests"
               ReferencedContainer = "container:wsanjusto-ios.xcodeproj">
            </BuildableReference>
         </TestableReference>
         <TestableReference
            skipped = "NO"
            parallelizable = "YES">
            <BuildableReference
               BuildableIdentifier = "primary"
               BlueprintIdentifier = "09DA9AF82F486BC300ECD465"
               BuildableName = "wsanjusto-iosUITests.xctest"
               BlueprintName = "wsanjusto-iosUITests"
               ReferencedContainer = "container:wsanjusto-ios.xcodeproj">
            </BuildableReference>
         </TestableReference>
      </Testables>
   </TestAction>
   <LaunchAction
      buildConfiguration = "Debug"
      selectedDebuggerIdentifier = "Xcode.DebuggerFoundation.Debugger.LLDB"
      selectedLauncherIdentifier = "Xcode.DebuggerFoundation.Launcher.LLDB"
      launchStyle = "0"
      useCustomWorkingDirectory = "NO"
      ignoresPersistentStateOnLaunch = "NO"
      debugDocumentVersioning = "YES"
      debugServiceExtension = "internal"
      allowLocationSimulation = "YES"
      launchAutomaticallySubstyle = "32">
      <BuildableProductRunnable
         runnableDebuggingMode = "0">
         <BuildableReference
            BuildableIdentifier = "primary"
            BlueprintIdentifier = "09E94ACB2855D1CE00D7A8D7"
            BuildableName = "Tiempo San Justo de la Vega.app"
            BlueprintName = "wsanjustowatchos WatchKit App"
            ReferencedContainer = "container:wsanjusto-ios.xcodeproj">
         </BuildableReference>
      </BuildableProductRunnable>
   </LaunchAction>
   <ProfileAction
      buildConfiguration = "Release"
      shouldUseLaunchSchemeArgsEnv = "YES"
      savedToolIdentifier = ""
      useCustomWorkingDirectory = "NO"
      debugDocumentVersioning = "YES"
      launchAutomaticallySubstyle = "32">
      <BuildableProductRunnable
         runnableDebuggingMode = "0">
         <BuildableReference
            BuildableIdentifier = "primary"
            BlueprintIdentifier = "09E94ACB2855D1CE00D7A8D7"
            BuildableName = "Tiempo San Justo de la Vega.app"
            BlueprintName = "wsanjustowatchos WatchKit App"
            ReferencedContainer = "container:wsanjusto-ios.xcodeproj">
         </BuildableReference>
      </BuildableProductRunnable>
   </ProfileAction>
   <AnalyzeAction
      buildConfiguration = "Debug">
   </AnalyzeAction>
   <ArchiveAction
      buildConfiguration = "Release"
      revealArchiveInOrganizer = "YES">
   </ArchiveAction>
</Scheme>
